{
  "nodes": {
    "flake-utils": {
      "inputs": {
        "systems": "systems"
      },
      "locked": {
        "lastModified": 1731533236,
        "narHash": "sha256-l0KFg5HjrsfsO/JpG+r7fRrqm12kzFHyUHqHCVpMMbI=",
        "owner": "numtide",
        "repo": "flake-utils",
        "rev": "11707dc2f618dd54ca8739b309ec4fc024de578b",
        "type": "github"
      },
      "original": {
        "owner": "numtide",
        "repo": "flake-utils",
        "type": "github"
      }
    },
    "home-manager": {
      "inputs": {
        "nixpkgs": [
          "nixpkgs"
        ]
      },
      "locked": {
        "lastModified": 1748182899,
        "narHash": "sha256-r6MHSalDFydlUmjorVTSsyhLjIt8VWNtGc5+mffXvFQ=",
        "owner": "nix-community",
        "repo": "home-manager",
        "rev": "901f8fef7f349cf8a8e97b3230b22fd592df9160",
        "type": "github"
      },
      "original": {
        "owner": "nix-community",
        "repo": "home-manager",
        "type": "github"
      }
    },
    "nix-darwin": {
      "inputs": {
        "nixpkgs": [
          "nixpkgs"
        ]
      },
      "locked": {
        "lastModified": 1748149228,
        "narHash": "sha256-mmonYFesFo42UUS49Hd0bcbVJRWX/aHBCDYUkkvylf4=",
        "owner": "lnl7",
        "repo": "nix-darwin",
        "rev": "a9939228f661df370c4094fe85f683e45d761dbe",
        "type": "github"
      },
      "original": {
        "owner": "lnl7",
        "ref": "master",
        "repo": "nix-darwin",
        "type": "github"
      }
    },
    "nixpkgs": {
      "locked": {
        "lastModified": 1735563628,
        "narHash": "sha256-OnSAY7XDSx7CtDoqNh8jwVwh4xNL/2HaJxGjryLWzX8=",
        "owner": "NixOS",
        "repo": "nixpkgs",
        "rev": "b134951a4c9f3c995fd7be05f3243f8ecd65d798",
        "type": "github"
      },
      "original": {
        "owner": "NixOS",
        "ref": "nixos-24.05",
        "repo": "nixpkgs",
        "type": "github"
      }
    },
    "root": {
      "inputs": {
        "flake-utils": "flake-utils",
        "home-manager": "home-manager",
        "nix-darwin": "nix-darwin",
        "nixpkgs": "nixpkgs",
        "themes": "themes"
      }
    },
    "systems": {
      "locked": {
        "lastModified": 1681028828,
        "narHash": "sha256-Vy1rq5AaRuLzOxct8nz4T6wlgyUR7zLU309k9mBC768=",
        "owner": "nix-systems",
        "repo": "default",
        "rev": "da67096a3b9bf56a91d16901293e51ba5b49a27e",
        "type": "github"
      },
      "original": {
        "owner": "nix-systems",
        "repo": "default",
        "type": "github"
      }
    },
    "themes": {
      "locked": {
        "lastModified": 1748114866,
        "narHash": "sha256-zQ0tbcpVCwX4lJfodZmq0WYKkfRA2Gn6bzlbiUGCOjA=",
        "owner": "RGBCube",
        "repo": "ThemeNix",
        "rev": "1267b9132b3a9c1d6e5c92f52ea1ca780ab2ac4f",
        "type": "github"
      },
      "original": {
        "owner": "RGBCube",
        "repo": "ThemeNix",
        "type": "github"
      }
    }
  },
  "root": "root",
  "version": 7
}
